
Microsoft Visual Studio Solution File, Format Version 12.00
# Visual Studio Version 17
VisualStudioVersion = 17.11.35312.102
MinimumVisualStudioVersion = 10.0.40219.1
Project("{FAE04EC0-301F-11D3-BF4B-00C04F79EFBC}") = "Web_Project", "Web_Project\Web_Project.csproj", "{62D61929-B0BD-4191-96A3-926248FD58EE}"
EndProject
Global
	GlobalSection(SolutionConfigurationPlatforms) = preSolution
		Debug|Any CPU = Debug|Any CPU
		Release|Any CPU = Release|Any CPU
	EndGlobalSection
	GlobalSection(ProjectConfigurationPlatforms) = postSolution
		{62D61929-B0BD-4191-96A3-926248FD58EE}.Debug|Any CPU.ActiveCfg = Debug|Any CPU
		{62D61929-B0BD-4191-96A3-926248FD58EE}.Debug|Any CPU.Build.0 = Debug|Any CPU
		{62D61929-B0BD-4191-96A3-926248FD58EE}.Release|Any CPU.ActiveCfg = Release|Any CPU
		{62D61929-B0BD-4191-96A3-926248FD58EE}.Release|Any CPU.Build.0 = Release|Any CPU
	EndGlobalSection
	GlobalSection(SolutionProperties) = preSolution
		HideSolutionNode = FALSE
	EndGlobalSection
	GlobalSection(ExtensibilityGlobals) = postSolution
		SolutionGuid = {05684717-DDE9-4ACB-87BE-1ED6B5154CBA}
	EndGlobalSection
EndGlobal
